
Microsoft Visual Studio Solution File, Format Version 12.00
# Visual Studio Version 17
VisualStudioVersion = 17.7.34031.279
MinimumVisualStudioVersion = 10.0.40219.1
Project("{FAE04EC0-301F-11D3-BF4B-00C04F79EFBC}") = "ChatClientForm", "ChatClientForm\ChatClientForm.csproj", "{2D06622C-FAF0-45C4-824F-616F2495D31F}"
EndProject
Global
	GlobalSection(SolutionConfigurationPlatforms) = preSolution
		Debug|Any CPU = Debug|Any CPU
		Release|Any CPU = Release|Any CPU
	EndGlobalSection
	GlobalSection(ProjectConfigurationPlatforms) = postSolution
		{2D06622C-FAF0-45C4-824F-616F2495D31F}.Debug|Any CPU.ActiveCfg = Debug|Any CPU
		{2D06622C-FAF0-45C4-824F-616F2495D31F}.Debug|Any CPU.Build.0 = Debug|Any CPU
		{2D06622C-FAF0-45C4-824F-616F2495D31F}.Release|Any CPU.ActiveCfg = Release|Any CPU
		{2D06622C-FAF0-45C4-824F-616F2495D31F}.Release|Any CPU.Build.0 = Release|Any CPU
	EndGlobalSection
	GlobalSection(SolutionProperties) = preSolution
		HideSolutionNode = FALSE
	EndGlobalSection
	GlobalSection(ExtensibilityGlobals) = postSolution
		SolutionGuid = {40CB9DA2-0E9A-4FD9-877E-151CED9723F1}
	EndGlobalSection
EndGlobal
